
Microsoft Visual Studio Solution File, Format Version 12.00
# Visual Studio Version 16
VisualStudioVersion = 16.0.31605.320
MinimumVisualStudioVersion = 10.0.40219.1
Project("{FAE04EC0-301F-11D3-BF4B-00C04F79EFBC}") = "SharpTicTac", "SharpTicTac\SharpTicTac.csproj", "{45F925BF-7561-48F2-91F1-9B755E61ECCB}"
EndProject
Global
	GlobalSection(SolutionConfigurationPlatforms) = preSolution
		Debug|Any CPU = Debug|Any CPU
		Release|Any CPU = Release|Any CPU
	EndGlobalSection
	GlobalSection(ProjectConfigurationPlatforms) = postSolution
		{45F925BF-7561-48F2-91F1-9B755E61ECCB}.Debug|Any CPU.ActiveCfg = Debug|Any CPU
		{45F925BF-7561-48F2-91F1-9B755E61ECCB}.Debug|Any CPU.Build.0 = Debug|Any CPU
		{45F925BF-7561-48F2-91F1-9B755E61ECCB}.Release|Any CPU.ActiveCfg = Release|Any CPU
		{45F925BF-7561-48F2-91F1-9B755E61ECCB}.Release|Any CPU.Build.0 = Release|Any CPU
	EndGlobalSection
	GlobalSection(SolutionProperties) = preSolution
		HideSolutionNode = FALSE
	EndGlobalSection
	GlobalSection(ExtensibilityGlobals) = postSolution
		SolutionGuid = {4494C7A7-8FC7-4C39-A5FB-77662108663E}
	EndGlobalSection
EndGlobal
